
Microsoft Visual Studio Solution File, Format Version 12.00
# Visual Studio 2012
Project("{FAE04EC0-301F-11D3-BF4B-00C04F79EFBC}") = "NHibernate.Helper", "NHibernate.Helper\NHibernate.Helper.csproj", "{A1BA87F1-43B2-4D40-A8E7-0E42D9114745}"
EndProject
Global
	GlobalSection(SolutionConfigurationPlatforms) = preSolution
		Debug|Any CPU = Debug|Any CPU
		Release|Any CPU = Release|Any CPU
	EndGlobalSection
	GlobalSection(ProjectConfigurationPlatforms) = postSolution
		{A1BA87F1-43B2-4D40-A8E7-0E42D9114745}.Debug|Any CPU.ActiveCfg = Debug|Any CPU
		{A1BA87F1-43B2-4D40-A8E7-0E42D9114745}.Debug|Any CPU.Build.0 = Debug|Any CPU
		{A1BA87F1-43B2-4D40-A8E7-0E42D9114745}.Release|Any CPU.ActiveCfg = Release|Any CPU
		{A1BA87F1-43B2-4D40-A8E7-0E42D9114745}.Release|Any CPU.Build.0 = Release|Any CPU
	EndGlobalSection
	GlobalSection(SolutionProperties) = preSolution
		HideSolutionNode = FALSE
	EndGlobalSection
EndGlobal
